
Microsoft Visual Studio Solution File, Format Version 12.00
# TcXaeShell Solution File, Format Version 11.00
VisualStudioVersion = 15.0.33403.129
MinimumVisualStudioVersion = 10.0.40219.1
Project("{FE7A1B72-C5B7-4D7C-BB7D-76384D4DE8E1}") = "TcHmiProject1", "TcHmiProject1\TcHmiProject1.hmiproj", "{EF4CD4B6-6B9A-4BD3-8422-41000BCC78E8}"
EndProject
Global
	GlobalSection(SolutionConfigurationPlatforms) = preSolution
		Debug|TwinCAT HMI = Debug|TwinCAT HMI
		Release|TwinCAT HMI = Release|TwinCAT HMI
	EndGlobalSection
	GlobalSection(ProjectConfigurationPlatforms) = postSolution
		{EF4CD4B6-6B9A-4BD3-8422-41000BCC78E8}.Debug|TwinCAT HMI.ActiveCfg = Debug|TwinCAT HMI
		{EF4CD4B6-6B9A-4BD3-8422-41000BCC78E8}.Debug|TwinCAT HMI.Build.0 = Debug|TwinCAT HMI
		{EF4CD4B6-6B9A-4BD3-8422-41000BCC78E8}.Release|TwinCAT HMI.ActiveCfg = Release|TwinCAT HMI
		{EF4CD4B6-6B9A-4BD3-8422-41000BCC78E8}.Release|TwinCAT HMI.Build.0 = Release|TwinCAT HMI
	EndGlobalSection
	GlobalSection(SolutionProperties) = preSolution
		HideSolutionNode = FALSE
	EndGlobalSection
	GlobalSection(ExtensibilityGlobals) = postSolution
		SolutionGuid = {243587B4-25F5-467D-A3D0-3C39510EACD0}
	EndGlobalSection
EndGlobal
